
Microsoft Visual Studio Solution File, Format Version 12.00
# Visual Studio Version 16
VisualStudioVersion = 16.0.30225.117
MinimumVisualStudioVersion = 10.0.40219.1
Project("{9A19103F-16F7-4668-BE54-9A1E7A4F7556}") = "MHFoodBank.Web", "MHFoodBank.Web\MHFoodBank.Web.csproj", "{14C0746D-CFC5-4286-A573-3580E8EBD351}"
EndProject
Project("{9A19103F-16F7-4668-BE54-9A1E7A4F7556}") = "MHFoodbank.Test", "MHFoodbank.Test\MHFoodbank.Test.csproj", "{FCBA1F52-DD0A-451E-9892-38BFAF1B972D}"
EndProject
Project("{9A19103F-16F7-4668-BE54-9A1E7A4F7556}") = "MHFoodBank.TimeClock", "MHFoodBank.TimeClock\MHFoodBank.TimeClock\MHFoodBank.TimeClock.csproj", "{045C257D-11FE-4120-A10D-9ED25F2BAACC}"
EndProject
Project("{FAE04EC0-301F-11D3-BF4B-00C04F79EFBC}") = "MHFoodBank.TimeClock.Android", "MHFoodBank.TimeClock\MHFoodBank.TimeClock.Android\MHFoodBank.TimeClock.Android.csproj", "{67C47E99-451E-4EDB-B1A6-D673BB3F7F49}"
EndProject
Project("{FAE04EC0-301F-11D3-BF4B-00C04F79EFBC}") = "MHFoodBank.TimeClock.iOS", "MHFoodBank.TimeClock\MHFoodBank.TimeClock.iOS\MHFoodBank.TimeClock.iOS.csproj", "{5C190616-9B1E-4A43-A6C4-265E8A6E3FFF}"
EndProject
Project("{9A19103F-16F7-4668-BE54-9A1E7A4F7556}") = "MHFoodBank.Common", "MHFoodBank.Common\MHFoodBank.Common.csproj", "{35AA5417-35B8-4454-9121-290B2E41B546}"
EndProject
Global
	GlobalSection(SolutionConfigurationPlatforms) = preSolution
		Ad-Hoc|Any CPU = Ad-Hoc|Any CPU
		Ad-Hoc|iPhone = Ad-Hoc|iPhone
		Ad-Hoc|iPhoneSimulator = Ad-Hoc|iPhoneSimulator
		AppStore|Any CPU = AppStore|Any CPU
		AppStore|iPhone = AppStore|iPhone
		AppStore|iPhoneSimulator = AppStore|iPhoneSimulator
		Debug|Any CPU = Debug|Any CPU
		Debug|iPhone = Debug|iPhone
		Debug|iPhoneSimulator = Debug|iPhoneSimulator
		Release|Any CPU = Release|Any CPU
		Release|iPhone = Release|iPhone
		Release|iPhoneSimulator = Release|iPhoneSimulator
	EndGlobalSection
	GlobalSection(ProjectConfigurationPlatforms) = postSolution
		{14C0746D-CFC5-4286-A573-3580E8EBD351}.Ad-Hoc|Any CPU.ActiveCfg = Release|Any CPU
		{14C0746D-CFC5-4286-A573-3580E8EBD351}.Ad-Hoc|Any CPU.Build.0 = Release|Any CPU
		{14C0746D-CFC5-4286-A573-3580E8EBD351}.Ad-Hoc|iPhone.ActiveCfg = Release|Any CPU
		{14C0746D-CFC5-4286-A573-3580E8EBD351}.Ad-Hoc|iPhone.Build.0 = Release|Any CPU
		{14C0746D-CFC5-4286-A573-3580E8EBD351}.Ad-Hoc|iPhoneSimulator.ActiveCfg = Release|Any CPU
		{14C0746D-CFC5-4286-A573-3580E8EBD351}.Ad-Hoc|iPhoneSimulator.Build.0 = Release|Any CPU
		{14C0746D-CFC5-4286-A573-3580E8EBD351}.AppStore|Any CPU.ActiveCfg = Release|Any CPU
		{14C0746D-CFC5-4286-A573-3580E8EBD351}.AppStore|Any CPU.Build.0 = Release|Any CPU
		{14C0746D-CFC5-4286-A573-3580E8EBD351}.AppStore|iPhone.ActiveCfg = Release|Any CPU
		{14C0746D-CFC5-4286-A573-3580E8EBD351}.AppStore|iPhone.Build.0 = Release|Any CPU
		{14C0746D-CFC5-4286-A573-3580E8EBD351}.AppStore|iPhoneSimulator.ActiveCfg = Release|Any CPU
		{14C0746D-CFC5-4286-A573-3580E8EBD351}.AppStore|iPhoneSimulator.Build.0 = Release|Any CPU
		{14C0746D-CFC5-4286-A573-3580E8EBD351}.Debug|Any CPU.ActiveCfg = Debug|Any CPU
		{14C0746D-CFC5-4286-A573-3580E8EBD351}.Debug|Any CPU.Build.0 = Debug|Any CPU
		{14C0746D-CFC5-4286-A573-3580E8EBD351}.Debug|iPhone.ActiveCfg = Debug|Any CPU
		{14C0746D-CFC5-4286-A573-3580E8EBD351}.Debug|iPhone.Build.0 = Debug|Any CPU
		{14C0746D-CFC5-4286-A573-3580E8EBD351}.Debug|iPhoneSimulator.ActiveCfg = Debug|Any CPU
		{14C0746D-CFC5-4286-A573-3580E8EBD351}.Debug|iPhoneSimulator.Build.0 = Debug|Any CPU
		{14C0746D-CFC5-4286-A573-3580E8EBD351}.Release|Any CPU.ActiveCfg = Release|Any CPU
		{14C0746D-CFC5-4286-A573-3580E8EBD351}.Release|Any CPU.Build.0 = Release|Any CPU
		{14C0746D-CFC5-4286-A573-3580E8EBD351}.Release|iPhone.ActiveCfg = Release|Any CPU
		{14C0746D-CFC5-4286-A573-3580E8EBD351}.Release|iPhone.Build.0 = Release|Any CPU
		{14C0746D-CFC5-4286-A573-3580E8EBD351}.Release|iPhoneSimulator.ActiveCfg = Release|Any CPU
		{14C0746D-CFC5-4286-A573-3580E8EBD351}.Release|iPhoneSimulator.Build.0 = Release|Any CPU
		{FCBA1F52-DD0A-451E-9892-38BFAF1B972D}.Ad-Hoc|Any CPU.ActiveCfg = Release|Any CPU
		{FCBA1F52-DD0A-451E-9892-38BFAF1B972D}.Ad-Hoc|Any CPU.Build.0 = Release|Any CPU
		{FCBA1F52-DD0A-451E-9892-38BFAF1B972D}.Ad-Hoc|iPhone.ActiveCfg = Release|Any CPU
		{FCBA1F52-DD0A-451E-9892-38BFAF1B972D}.Ad-Hoc|iPhone.Build.0 = Release|Any CPU
		{FCBA1F52-DD0A-451E-9892-38BFAF1B972D}.Ad-Hoc|iPhoneSimulator.ActiveCfg = Release|Any CPU
		{FCBA1F52-DD0A-451E-9892-38BFAF1B972D}.Ad-Hoc|iPhoneSimulator.Build.0 = Release|Any CPU
		{FCBA1F52-DD0A-451E-9892-38BFAF1B972D}.AppStore|Any CPU.ActiveCfg = Release|Any CPU
		{FCBA1F52-DD0A-451E-9892-38BFAF1B972D}.AppStore|Any CPU.Build.0 = Release|Any CPU
		{FCBA1F52-DD0A-451E-9892-38BFAF1B972D}.AppStore|iPhone.ActiveCfg = Release|Any CPU
		{FCBA1F52-DD0A-451E-9892-38BFAF1B972D}.AppStore|iPhone.Build.0 = Release|Any CPU
		{FCBA1F52-DD0A-451E-9892-38BFAF1B972D}.AppStore|iPhoneSimulator.ActiveCfg = Release|Any CPU
		{FCBA1F52-DD0A-451E-9892-38BFAF1B972D}.AppStore|iPhoneSimulator.Build.0 = Release|Any CPU
		{FCBA1F52-DD0A-451E-9892-38BFAF1B972D}.Debug|Any CPU.ActiveCfg = Debug|Any CPU
		{FCBA1F52-DD0A-451E-9892-38BFAF1B972D}.Debug|Any CPU.Build.0 = Debug|Any CPU
		{FCBA1F52-DD0A-451E-9892-38BFAF1B972D}.Debug|iPhone.ActiveCfg = Debug|Any CPU
		{FCBA1F52-DD0A-451E-9892-38BFAF1B972D}.Debug|iPhone.Build.0 = Debug|Any CPU
		{FCBA1F52-DD0A-451E-9892-38BFAF1B972D}.Debug|iPhoneSimulator.ActiveCfg = Debug|Any CPU
		{FCBA1F52-DD0A-451E-9892-38BFAF1B972D}.Debug|iPhoneSimulator.Build.0 = Debug|Any CPU
		{FCBA1F52-DD0A-451E-9892-38BFAF1B972D}.Release|Any CPU.ActiveCfg = Release|Any CPU
		{FCBA1F52-DD0A-451E-9892-38BFAF1B972D}.Release|Any CPU.Build.0 = Release|Any CPU
		{FCBA1F52-DD0A-451E-9892-38BFAF1B972D}.Release|iPhone.ActiveCfg = Release|Any CPU
		{FCBA1F52-DD0A-451E-9892-38BFAF1B972D}.Release|iPhone.Build.0 = Release|Any CPU
		{FCBA1F52-DD0A-451E-9892-38BFAF1B972D}.Release|iPhoneSimulator.ActiveCfg = Release|Any CPU
		{FCBA1F52-DD0A-451E-9892-38BFAF1B972D}.Release|iPhoneSimulator.Build.0 = Release|Any CPU
		{045C257D-11FE-4120-A10D-9ED25F2BAACC}.Ad-Hoc|Any CPU.ActiveCfg = Debug|Any CPU
		{045C257D-11FE-4120-A10D-9ED25F2BAACC}.Ad-Hoc|Any CPU.Build.0 = Debug|Any CPU
		{045C257D-11FE-4120-A10D-9ED25F2BAACC}.Ad-Hoc|iPhone.ActiveCfg = Debug|Any CPU
		{045C257D-11FE-4120-A10D-9ED25F2BAACC}.Ad-Hoc|iPhone.Build.0 = Debug|Any CPU
		{045C257D-11FE-4120-A10D-9ED25F2BAACC}.Ad-Hoc|iPhoneSimulator.ActiveCfg = Debug|Any CPU
		{045C257D-11FE-4120-A10D-9ED25F2BAACC}.Ad-Hoc|iPhoneSimulator.Build.0 = Debug|Any CPU
		{045C257D-11FE-4120-A10D-9ED25F2BAACC}.AppStore|Any CPU.ActiveCfg = Debug|Any CPU
		{045C257D-11FE-4120-A10D-9ED25F2BAACC}.AppStore|Any CPU.Build.0 = Debug|Any CPU
		{045C257D-11FE-4120-A10D-9ED25F2BAACC}.AppStore|iPhone.ActiveCfg = Debug|Any CPU
		{045C257D-11FE-4120-A10D-9ED25F2BAACC}.AppStore|iPhone.Build.0 = Debug|Any CPU
		{045C257D-11FE-4120-A10D-9ED25F2BAACC}.AppStore|iPhoneSimulator.ActiveCfg = Debug|Any CPU
		{045C257D-11FE-4120-A10D-9ED25F2BAACC}.AppStore|iPhoneSimulator.Build.0 = Debug|Any CPU
		{045C257D-11FE-4120-A10D-9ED25F2BAACC}.Debug|Any CPU.ActiveCfg = Debug|Any CPU
		{045C257D-11FE-4120-A10D-9ED25F2BAACC}.Debug|Any CPU.Build.0 = Debug|Any CPU
		{045C257D-11FE-4120-A10D-9ED25F2BAACC}.Debug|iPhone.ActiveCfg = Debug|Any CPU
		{045C257D-11FE-4120-A10D-9ED25F2BAACC}.Debug|iPhone.Build.0 = Debug|Any CPU
		{045C257D-11FE-4120-A10D-9ED25F2BAACC}.Debug|iPhoneSimulator.ActiveCfg = Debug|Any CPU
		{045C257D-11FE-4120-A10D-9ED25F2BAACC}.Debug|iPhoneSimulator.Build.0 = Debug|Any CPU
		{045C257D-11FE-4120-A10D-9ED25F2BAACC}.Release|Any CPU.ActiveCfg = Release|Any CPU
		{045C257D-11FE-4120-A10D-9ED25F2BAACC}.Release|Any CPU.Build.0 = Release|Any CPU
		{045C257D-11FE-4120-A10D-9ED25F2BAACC}.Release|iPhone.ActiveCfg = Release|Any CPU
		{045C257D-11FE-4120-A10D-9ED25F2BAACC}.Release|iPhone.Build.0 = Release|Any CPU
		{045C257D-11FE-4120-A10D-9ED25F2BAACC}.Release|iPhoneSimulator.ActiveCfg = Release|Any CPU
		{045C257D-11FE-4120-A10D-9ED25F2BAACC}.Release|iPhoneSimulator.Build.0 = Release|Any CPU
		{67C47E99-451E-4EDB-B1A6-D673BB3F7F49}.Ad-Hoc|Any CPU.ActiveCfg = Release|Any CPU
		{67C47E99-451E-4EDB-B1A6-D673BB3F7F49}.Ad-Hoc|Any CPU.Build.0 = Release|Any CPU
		{67C47E99-451E-4EDB-B1A6-D673BB3F7F49}.Ad-Hoc|Any CPU.Deploy.0 = Release|Any CPU
		{67C47E99-451E-4EDB-B1A6-D673BB3F7F49}.Ad-Hoc|iPhone.ActiveCfg = Release|Any CPU
		{67C47E99-451E-4EDB-B1A6-D673BB3F7F49}.Ad-Hoc|iPhone.Build.0 = Release|Any CPU
		{67C47E99-451E-4EDB-B1A6-D673BB3F7F49}.Ad-Hoc|iPhone.Deploy.0 = Release|Any CPU
		{67C47E99-451E-4EDB-B1A6-D673BB3F7F49}.Ad-Hoc|iPhoneSimulator.ActiveCfg = Release|Any CPU
		{67C47E99-451E-4EDB-B1A6-D673BB3F7F49}.Ad-Hoc|iPhoneSimulator.Build.0 = Release|Any CPU
		{67C47E99-451E-4EDB-B1A6-D673BB3F7F49}.Ad-Hoc|iPhoneSimulator.Deploy.0 = Release|Any CPU
		{67C47E99-451E-4EDB-B1A6-D673BB3F7F49}.AppStore|Any CPU.ActiveCfg = Release|Any CPU
		{67C47E99-451E-4EDB-B1A6-D673BB3F7F49}.AppStore|Any CPU.Build.0 = Release|Any CPU
		{67C47E99-451E-4EDB-B1A6-D673BB3F7F49}.AppStore|Any CPU.Deploy.0 = Release|Any CPU
		{67C47E99-451E-4EDB-B1A6-D673BB3F7F49}.AppStore|iPhone.ActiveCfg = Release|Any CPU
		{67C47E99-451E-4EDB-B1A6-D673BB3F7F49}.AppStore|iPhone.Build.0 = Release|Any CPU
		{67C47E99-451E-4EDB-B1A6-D673BB3F7F49}.AppStore|iPhone.Deploy.0 = Release|Any CPU
		{67C47E99-451E-4EDB-B1A6-D673BB3F7F49}.AppStore|iPhoneSimulator.ActiveCfg = Release|Any CPU
		{67C47E99-451E-4EDB-B1A6-D673BB3F7F49}.AppStore|iPhoneSimulator.Build.0 = Release|Any CPU
		{67C47E99-451E-4EDB-B1A6-D673BB3F7F49}.AppStore|iPhoneSimulator.Deploy.0 = Release|Any CPU
		{67C47E99-451E-4EDB-B1A6-D673BB3F7F49}.Debug|Any CPU.ActiveCfg = Debug|Any CPU
		{67C47E99-451E-4EDB-B1A6-D673BB3F7F49}.Debug|Any CPU.Build.0 = Debug|Any CPU
		{67C47E99-451E-4EDB-B1A6-D673BB3F7F49}.Debug|Any CPU.Deploy.0 = Debug|Any CPU
		{67C47E99-451E-4EDB-B1A6-D673BB3F7F49}.Debug|iPhone.ActiveCfg = Debug|Any CPU
		{67C47E99-451E-4EDB-B1A6-D673BB3F7F49}.Debug|iPhone.Build.0 = Debug|Any CPU
		{67C47E99-451E-4EDB-B1A6-D673BB3F7F49}.Debug|iPhone.Deploy.0 = Debug|Any CPU
		{67C47E99-451E-4EDB-B1A6-D673BB3F7F49}.Debug|iPhoneSimulator.ActiveCfg = Debug|Any CPU
		{67C47E99-451E-4EDB-B1A6-D673BB3F7F49}.Debug|iPhoneSimulator.Build.0 = Debug|Any CPU
		{67C47E99-451E-4EDB-B1A6-D673BB3F7F49}.Debug|iPhoneSimulator.Deploy.0 = Debug|Any CPU
		{67C47E99-451E-4EDB-B1A6-D673BB3F7F49}.Release|Any CPU.ActiveCfg = Release|Any CPU
		{67C47E99-451E-4EDB-B1A6-D673BB3F7F49}.Release|Any CPU.Build.0 = Release|Any CPU
		{67C47E99-451E-4EDB-B1A6-D673BB3F7F49}.Release|Any CPU.Deploy.0 = Release|Any CPU
		{67C47E99-451E-4EDB-B1A6-D673BB3F7F49}.Release|iPhone.ActiveCfg = Release|Any CPU
		{67C47E99-451E-4EDB-B1A6-D673BB3F7F49}.Release|iPhone.Build.0 = Release|Any CPU
		{67C47E99-451E-4EDB-B1A6-D673BB3F7F49}.Release|iPhone.Deploy.0 = Release|Any CPU
		{67C47E99-451E-4EDB-B1A6-D673BB3F7F49}.Release|iPhoneSimulator.ActiveCfg = Release|Any CPU
		{67C47E99-451E-4EDB-B1A6-D673BB3F7F49}.Release|iPhoneSimulator.Build.0 = Release|Any CPU
		{67C47E99-451E-4EDB-B1A6-D673BB3F7F49}.Release|iPhoneSimulator.Deploy.0 = Release|Any CPU
		{5C190616-9B1E-4A43-A6C4-265E8A6E3FFF}.Ad-Hoc|Any CPU.ActiveCfg = Ad-Hoc|iPhone
		{5C190616-9B1E-4A43-A6C4-265E8A6E3FFF}.Ad-Hoc|iPhone.ActiveCfg = Ad-Hoc|iPhone
		{5C190616-9B1E-4A43-A6C4-265E8A6E3FFF}.Ad-Hoc|iPhone.Build.0 = Ad-Hoc|iPhone
		{5C190616-9B1E-4A43-A6C4-265E8A6E3FFF}.Ad-Hoc|iPhoneSimulator.ActiveCfg = Ad-Hoc|iPhoneSimulator
		{5C190616-9B1E-4A43-A6C4-265E8A6E3FFF}.Ad-Hoc|iPhoneSimulator.Build.0 = Ad-Hoc|iPhoneSimulator
		{5C190616-9B1E-4A43-A6C4-265E8A6E3FFF}.AppStore|Any CPU.ActiveCfg = AppStore|iPhone
		{5C190616-9B1E-4A43-A6C4-265E8A6E3FFF}.AppStore|iPhone.ActiveCfg = AppStore|iPhone
		{5C190616-9B1E-4A43-A6C4-265E8A6E3FFF}.AppStore|iPhone.Build.0 = AppStore|iPhone
		{5C190616-9B1E-4A43-A6C4-265E8A6E3FFF}.AppStore|iPhoneSimulator.ActiveCfg = AppStore|iPhoneSimulator
		{5C190616-9B1E-4A43-A6C4-265E8A6E3FFF}.AppStore|iPhoneSimulator.Build.0 = AppStore|iPhoneSimulator
		{5C190616-9B1E-4A43-A6C4-265E8A6E3FFF}.Debug|Any CPU.ActiveCfg = Debug|iPhone
		{5C190616-9B1E-4A43-A6C4-265E8A6E3FFF}.Debug|iPhone.ActiveCfg = Debug|iPhone
		{5C190616-9B1E-4A43-A6C4-265E8A6E3FFF}.Debug|iPhone.Build.0 = Debug|iPhone
		{5C190616-9B1E-4A43-A6C4-265E8A6E3FFF}.Debug|iPhoneSimulator.ActiveCfg = Debug|iPhoneSimulator
		{5C190616-9B1E-4A43-A6C4-265E8A6E3FFF}.Debug|iPhoneSimulator.Build.0 = Debug|iPhoneSimulator
		{5C190616-9B1E-4A43-A6C4-265E8A6E3FFF}.Release|Any CPU.ActiveCfg = Release|iPhone
		{5C190616-9B1E-4A43-A6C4-265E8A6E3FFF}.Release|iPhone.ActiveCfg = Release|iPhone
		{5C190616-9B1E-4A43-A6C4-265E8A6E3FFF}.Release|iPhone.Build.0 = Release|iPhone
		{5C190616-9B1E-4A43-A6C4-265E8A6E3FFF}.Release|iPhoneSimulator.ActiveCfg = Release|iPhoneSimulator
		{5C190616-9B1E-4A43-A6C4-265E8A6E3FFF}.Release|iPhoneSimulator.Build.0 = Release|iPhoneSimulator
		{35AA5417-35B8-4454-9121-290B2E41B546}.Ad-Hoc|Any CPU.ActiveCfg = Debug|Any CPU
		{35AA5417-35B8-4454-9121-290B2E41B546}.Ad-Hoc|Any CPU.Build.0 = Debug|Any CPU
		{35AA5417-35B8-4454-9121-290B2E41B546}.Ad-Hoc|iPhone.ActiveCfg = Debug|Any CPU
		{35AA5417-35B8-4454-9121-290B2E41B546}.Ad-Hoc|iPhone.Build.0 = Debug|Any CPU
		{35AA5417-35B8-4454-9121-290B2E41B546}.Ad-Hoc|iPhoneSimulator.ActiveCfg = Debug|Any CPU
		{35AA5417-35B8-4454-9121-290B2E41B546}.Ad-Hoc|iPhoneSimulator.Build.0 = Debug|Any CPU
		{35AA5417-35B8-4454-9121-290B2E41B546}.AppStore|Any CPU.ActiveCfg = Debug|Any CPU
		{35AA5417-35B8-4454-9121-290B2E41B546}.AppStore|Any CPU.Build.0 = Debug|Any CPU
		{35AA5417-35B8-4454-9121-290B2E41B546}.AppStore|iPhone.ActiveCfg = Debug|Any CPU
		{35AA5417-35B8-4454-9121-290B2E41B546}.AppStore|iPhone.Build.0 = Debug|Any CPU
		{35AA5417-35B8-4454-9121-290B2E41B546}.AppStore|iPhoneSimulator.ActiveCfg = Debug|Any CPU
		{35AA5417-35B8-4454-9121-290B2E41B546}.AppStore|iPhoneSimulator.Build.0 = Debug|Any CPU
		{35AA5417-35B8-4454-9121-290B2E41B546}.Debug|Any CPU.ActiveCfg = Debug|Any CPU
		{35AA5417-35B8-4454-9121-290B2E41B546}.Debug|Any CPU.Build.0 = Debug|Any CPU
		{35AA5417-35B8-4454-9121-290B2E41B546}.Debug|iPhone.ActiveCfg = Debug|Any CPU
		{35AA5417-35B8-4454-9121-290B2E41B546}.Debug|iPhone.Build.0 = Debug|Any CPU
		{35AA5417-35B8-4454-9121-290B2E41B546}.Debug|iPhoneSimulator.ActiveCfg = Debug|Any CPU
		{35AA5417-35B8-4454-9121-290B2E41B546}.Debug|iPhoneSimulator.Build.0 = Debug|Any CPU
		{35AA5417-35B8-4454-9121-290B2E41B546}.Release|Any CPU.ActiveCfg = Release|Any CPU
		{35AA5417-35B8-4454-9121-290B2E41B546}.Release|Any CPU.Build.0 = Release|Any CPU
		{35AA5417-35B8-4454-9121-290B2E41B546}.Release|iPhone.ActiveCfg = Release|Any CPU
		{35AA5417-35B8-4454-9121-290B2E41B546}.Release|iPhone.Build.0 = Release|Any CPU
		{35AA5417-35B8-4454-9121-290B2E41B546}.Release|iPhoneSimulator.ActiveCfg = Release|Any CPU
		{35AA5417-35B8-4454-9121-290B2E41B546}.Release|iPhoneSimulator.Build.0 = Release|Any CPU
	EndGlobalSection
	GlobalSection(SolutionProperties) = preSolution
		HideSolutionNode = FALSE
	EndGlobalSection
	GlobalSection(ExtensibilityGlobals) = postSolution
		SolutionGuid = {9C4EADC9-83CB-46D0-BE23-08D3267B3FD0}
	EndGlobalSection
EndGlobal
