
Microsoft Visual Studio Solution File, Format Version 12.00
# Visual Studio Version 16
VisualStudioVersion = 16.0.30225.117
MinimumVisualStudioVersion = 10.0.40219.1
Project("{9A19103F-16F7-4668-BE54-9A1E7A4F7556}") = "WorkplaceAdministrator.Web", "WorkplaceAdministrator.Web\WorkplaceAdministrator.Web.csproj", "{66837BFE-8A1F-458B-B78D-768ECF9FB817}"
EndProject
Project("{9A19103F-16F7-4668-BE54-9A1E7A4F7556}") = "WorkplaceAdministrator.Common", "WorkplaceAdministrator.Common\WorkplaceAdministrator.Common.csproj", "{9FB9BEAA-55ED-4ACC-8855-985B713340BA}"
EndProject
Global
	GlobalSection(SolutionConfigurationPlatforms) = preSolution
		Debug|Any CPU = Debug|Any CPU
		Release|Any CPU = Release|Any CPU
	EndGlobalSection
	GlobalSection(ProjectConfigurationPlatforms) = postSolution
		{66837BFE-8A1F-458B-B78D-768ECF9FB817}.Debug|Any CPU.ActiveCfg = Debug|Any CPU
		{66837BFE-8A1F-458B-B78D-768ECF9FB817}.Debug|Any CPU.Build.0 = Debug|Any CPU
		{66837BFE-8A1F-458B-B78D-768ECF9FB817}.Release|Any CPU.ActiveCfg = Release|Any CPU
		{66837BFE-8A1F-458B-B78D-768ECF9FB817}.Release|Any CPU.Build.0 = Release|Any CPU
		{9FB9BEAA-55ED-4ACC-8855-985B713340BA}.Debug|Any CPU.ActiveCfg = Debug|Any CPU
		{9FB9BEAA-55ED-4ACC-8855-985B713340BA}.Debug|Any CPU.Build.0 = Debug|Any CPU
		{9FB9BEAA-55ED-4ACC-8855-985B713340BA}.Release|Any CPU.ActiveCfg = Release|Any CPU
		{9FB9BEAA-55ED-4ACC-8855-985B713340BA}.Release|Any CPU.Build.0 = Release|Any CPU
	EndGlobalSection
	GlobalSection(SolutionProperties) = preSolution
		HideSolutionNode = FALSE
	EndGlobalSection
	GlobalSection(ExtensibilityGlobals) = postSolution
		SolutionGuid = {1FEBCB77-75DE-4654-8F91-2FDBE47DC7F3}
	EndGlobalSection
EndGlobal
