
Microsoft Visual Studio Solution File, Format Version 12.00
# Visual Studio Version 16
VisualStudioVersion = 16.0.30225.117
MinimumVisualStudioVersion = 10.0.40219.1
Project("{9A19103F-16F7-4668-BE54-9A1E7A4F7556}") = "MHFoodBank.Web", "MHFoodBank.Web.csproj", "{14C0746D-CFC5-4286-A573-3580E8EBD351}"
EndProject
Project("{FAE04EC0-301F-11D3-BF4B-00C04F79EFBC}") = "MHFoodbank.Test", "..\MHFoodbank.Test\MHFoodbank.Test.csproj", "{FCBA1F52-DD0A-451E-9892-38BFAF1B972D}"
EndProject
Global
	GlobalSection(SolutionConfigurationPlatforms) = preSolution
		Debug|Any CPU = Debug|Any CPU
		Release|Any CPU = Release|Any CPU
	EndGlobalSection
	GlobalSection(ProjectConfigurationPlatforms) = postSolution
		{14C0746D-CFC5-4286-A573-3580E8EBD351}.Debug|Any CPU.ActiveCfg = Debug|Any CPU
		{14C0746D-CFC5-4286-A573-3580E8EBD351}.Debug|Any CPU.Build.0 = Debug|Any CPU
		{14C0746D-CFC5-4286-A573-3580E8EBD351}.Release|Any CPU.ActiveCfg = Release|Any CPU
		{14C0746D-CFC5-4286-A573-3580E8EBD351}.Release|Any CPU.Build.0 = Release|Any CPU
		{FCBA1F52-DD0A-451E-9892-38BFAF1B972D}.Debug|Any CPU.ActiveCfg = Debug|Any CPU
		{FCBA1F52-DD0A-451E-9892-38BFAF1B972D}.Debug|Any CPU.Build.0 = Debug|Any CPU
		{FCBA1F52-DD0A-451E-9892-38BFAF1B972D}.Release|Any CPU.ActiveCfg = Release|Any CPU
		{FCBA1F52-DD0A-451E-9892-38BFAF1B972D}.Release|Any CPU.Build.0 = Release|Any CPU
	EndGlobalSection
	GlobalSection(SolutionProperties) = preSolution
		HideSolutionNode = FALSE
	EndGlobalSection
	GlobalSection(ExtensibilityGlobals) = postSolution
		SolutionGuid = {9C4EADC9-83CB-46D0-BE23-08D3267B3FD0}
	EndGlobalSection
EndGlobal
